
Microsoft Visual Studio Solution File, Format Version 12.00
# Visual Studio Version 17
VisualStudioVersion = 17.13.35825.156 d17.13
MinimumVisualStudioVersion = 10.0.40219.1
Project("{888888A0-9F3D-457C-B088-3A5042F75D52}") = "2MP4", "2MP4.pyproj", "{EB122E35-2981-483B-B5F4-6103FDE015AE}"
EndProject
Global
	GlobalSection(SolutionConfigurationPlatforms) = preSolution
		Debug|Any CPU = Debug|Any CPU
		Release|Any CPU = Release|Any CPU
	EndGlobalSection
	GlobalSection(ProjectConfigurationPlatforms) = postSolution
		{EB122E35-2981-483B-B5F4-6103FDE015AE}.Debug|Any CPU.ActiveCfg = Debug|Any CPU
		{EB122E35-2981-483B-B5F4-6103FDE015AE}.Release|Any CPU.ActiveCfg = Release|Any CPU
	EndGlobalSection
	GlobalSection(SolutionProperties) = preSolution
		HideSolutionNode = FALSE
	EndGlobalSection
	GlobalSection(ExtensibilityGlobals) = postSolution
		SolutionGuid = {81A92857-4BCD-4435-B9BB-479ADCBAB707}
	EndGlobalSection
EndGlobal
