
Microsoft Visual Studio Solution File, Format Version 12.00
# Visual Studio Version 17
VisualStudioVersion = 17.13.35825.156 d17.13
MinimumVisualStudioVersion = 10.0.40219.1
Project("{888888A0-9F3D-457C-B088-3A5042F75D52}") = "2MP3", "2MP3.pyproj", "{5373FE21-BE1A-45EB-A1F9-A550EEC9C445}"
EndProject
Global
	GlobalSection(SolutionConfigurationPlatforms) = preSolution
		Debug|Any CPU = Debug|Any CPU
		Release|Any CPU = Release|Any CPU
	EndGlobalSection
	GlobalSection(ProjectConfigurationPlatforms) = postSolution
		{5373FE21-BE1A-45EB-A1F9-A550EEC9C445}.Debug|Any CPU.ActiveCfg = Debug|Any CPU
		{5373FE21-BE1A-45EB-A1F9-A550EEC9C445}.Release|Any CPU.ActiveCfg = Release|Any CPU
	EndGlobalSection
	GlobalSection(SolutionProperties) = preSolution
		HideSolutionNode = FALSE
	EndGlobalSection
	GlobalSection(ExtensibilityGlobals) = postSolution
		SolutionGuid = {05AF9E37-FE29-40D9-936C-C7FFC8A06EF8}
	EndGlobalSection
EndGlobal
